
Microsoft Visual Studio Solution File, Format Version 12.00
# Visual Studio Version 17
VisualStudioVersion = 17.9.34616.47
MinimumVisualStudioVersion = 10.0.40219.1
Project("{9A19103F-16F7-4668-BE54-9A1E7A4F7556}") = "Stackoverflow.Web", "Stackoverflow.Web\Stackoverflow.Web.csproj", "{DB5A1F88-DEF9-4110-9807-34A998A8128B}"
EndProject
Global
	GlobalSection(SolutionConfigurationPlatforms) = preSolution
		Debug|Any CPU = Debug|Any CPU
		Release|Any CPU = Release|Any CPU
	EndGlobalSection
	GlobalSection(ProjectConfigurationPlatforms) = postSolution
		{DB5A1F88-DEF9-4110-9807-34A998A8128B}.Debug|Any CPU.ActiveCfg = Debug|Any CPU
		{DB5A1F88-DEF9-4110-9807-34A998A8128B}.Debug|Any CPU.Build.0 = Debug|Any CPU
		{DB5A1F88-DEF9-4110-9807-34A998A8128B}.Release|Any CPU.ActiveCfg = Release|Any CPU
		{DB5A1F88-DEF9-4110-9807-34A998A8128B}.Release|Any CPU.Build.0 = Release|Any CPU
	EndGlobalSection
	GlobalSection(SolutionProperties) = preSolution
		HideSolutionNode = FALSE
	EndGlobalSection
	GlobalSection(ExtensibilityGlobals) = postSolution
		SolutionGuid = {70B0F2ED-5D5A-4F58-87C6-7CB1CC6ACAFD}
	EndGlobalSection
EndGlobal
